
Microsoft Visual Studio Solution File, Format Version 12.00
# Visual Studio Version 17
VisualStudioVersion = 17.6.33829.357
MinimumVisualStudioVersion = 10.0.40219.1
Project("{FAE04EC0-301F-11D3-BF4B-00C04F79EFBC}") = "QueuingProgram", "QueuingProgram.csproj", "{8C93E953-DE1E-4754-9625-48BFFCB70345}"
EndProject
Global
	GlobalSection(SolutionConfigurationPlatforms) = preSolution
		Debug|Any CPU = Debug|Any CPU
		Release|Any CPU = Release|Any CPU
	EndGlobalSection
	GlobalSection(ProjectConfigurationPlatforms) = postSolution
		{8C93E953-DE1E-4754-9625-48BFFCB70345}.Debug|Any CPU.ActiveCfg = Debug|Any CPU
		{8C93E953-DE1E-4754-9625-48BFFCB70345}.Debug|Any CPU.Build.0 = Debug|Any CPU
		{8C93E953-DE1E-4754-9625-48BFFCB70345}.Release|Any CPU.ActiveCfg = Release|Any CPU
		{8C93E953-DE1E-4754-9625-48BFFCB70345}.Release|Any CPU.Build.0 = Release|Any CPU
	EndGlobalSection
	GlobalSection(SolutionProperties) = preSolution
		HideSolutionNode = FALSE
	EndGlobalSection
	GlobalSection(ExtensibilityGlobals) = postSolution
		SolutionGuid = {0231458F-F20B-46B6-8B24-E7AE53C22EAF}
	EndGlobalSection
EndGlobal
